github.com/nwaples/tacplus v0.0.3 h1:i3v/BUWWrbKq00BzFDrgcPksUF4HwAWvS8Zk63ezYXg=
github.com/nwaples/tacplus v0.0.3/go.mod h1:y5ZA9N5V2JbmwO766S+ET9zuu5FtL1OtdfBCYrbTIgw=
go.yaml.in/yaml/v3 v3.0.5 h1:N6y/pJk8buWs9NY5ERU2HSMfm+IuD/OtfdAnq6kESPw=
go.yaml.in/yaml/v3 v3.0.5/go.mod h1:HVTZu1O7/Vkt2N+BFy8Zza+lnLsABggaTM2ZpNIGuKg=
